
Microsoft Visual Studio Solution File, Format Version 12.00
# Visual Studio Version 17
VisualStudioVersion = 17.7.34031.279
MinimumVisualStudioVersion = 10.0.40219.1
Project("{FAE04EC0-301F-11D3-BF4B-00C04F79EFBC}") = "Application", "Application\Application.csproj", "{5DEAC93B-C79F-451B-BBF3-89A925913E79}"
EndProject
Project("{FAE04EC0-301F-11D3-BF4B-00C04F79EFBC}") = "Domain", "Domain\Domain.csproj", "{D2AB38EE-BBB3-4BAA-ABED-828821E34857}"
EndProject
Project("{FAE04EC0-301F-11D3-BF4B-00C04F79EFBC}") = "InfraStructure", "InfraStructure\InfraStructure.csproj", "{ECB61ACF-7088-4691-8E3A-2BC6100C47AB}"
EndProject
Project("{FAE04EC0-301F-11D3-BF4B-00C04F79EFBC}") = "MultiuTicketWEB", "MultiuTicketWEB\MultiuTicketWEB.csproj", "{C4EAEC93-0453-4461-9309-EFCE185348C8}"
EndProject
Global
	GlobalSection(SolutionConfigurationPlatforms) = preSolution
		Debug|Any CPU = Debug|Any CPU
		Release|Any CPU = Release|Any CPU
	EndGlobalSection
	GlobalSection(ProjectConfigurationPlatforms) = postSolution
		{5DEAC93B-C79F-451B-BBF3-89A925913E79}.Debug|Any CPU.ActiveCfg = Debug|Any CPU
		{5DEAC93B-C79F-451B-BBF3-89A925913E79}.Debug|Any CPU.Build.0 = Debug|Any CPU
		{5DEAC93B-C79F-451B-BBF3-89A925913E79}.Release|Any CPU.ActiveCfg = Release|Any CPU
		{5DEAC93B-C79F-451B-BBF3-89A925913E79}.Release|Any CPU.Build.0 = Release|Any CPU
		{D2AB38EE-BBB3-4BAA-ABED-828821E34857}.Debug|Any CPU.ActiveCfg = Debug|Any CPU
		{D2AB38EE-BBB3-4BAA-ABED-828821E34857}.Debug|Any CPU.Build.0 = Debug|Any CPU
		{D2AB38EE-BBB3-4BAA-ABED-828821E34857}.Release|Any CPU.ActiveCfg = Release|Any CPU
		{D2AB38EE-BBB3-4BAA-ABED-828821E34857}.Release|Any CPU.Build.0 = Release|Any CPU
		{ECB61ACF-7088-4691-8E3A-2BC6100C47AB}.Debug|Any CPU.ActiveCfg = Debug|Any CPU
		{ECB61ACF-7088-4691-8E3A-2BC6100C47AB}.Debug|Any CPU.Build.0 = Debug|Any CPU
		{ECB61ACF-7088-4691-8E3A-2BC6100C47AB}.Release|Any CPU.ActiveCfg = Release|Any CPU
		{ECB61ACF-7088-4691-8E3A-2BC6100C47AB}.Release|Any CPU.Build.0 = Release|Any CPU
		{C4EAEC93-0453-4461-9309-EFCE185348C8}.Debug|Any CPU.ActiveCfg = Debug|Any CPU
		{C4EAEC93-0453-4461-9309-EFCE185348C8}.Debug|Any CPU.Build.0 = Debug|Any CPU
		{C4EAEC93-0453-4461-9309-EFCE185348C8}.Release|Any CPU.ActiveCfg = Release|Any CPU
		{C4EAEC93-0453-4461-9309-EFCE185348C8}.Release|Any CPU.Build.0 = Release|Any CPU
	EndGlobalSection
	GlobalSection(SolutionProperties) = preSolution
		HideSolutionNode = FALSE
	EndGlobalSection
	GlobalSection(ExtensibilityGlobals) = postSolution
		SolutionGuid = {C483A8FA-289D-4949-83C2-3849B52341B7}
	EndGlobalSection
EndGlobal
